<?xml version="1.0" encoding="utf-8"?>
<Project ToolsVersion="4.0" xmlns="http://schemas.microsoft.com/developer/msbuild/2003">
  <ItemGroup>
    <Filter Include="Source files">
      <UniqueIdentifier>{8d735531-3eb7-42df-abe0-2d2c13096fca}</UniqueIdentifier>
      <Extensions>cpp;c;cc;cxx;def;odl;idl;hpj;bat;asm;asmx</Extensions>
    </Filter>
    <Filter Include="Header files">
      <UniqueIdentifier>{ddec9991-0232-4276-929f-fa0fbd7d3932}</UniqueIdentifier>
      <Extensions>h;hpp;hxx;hm;inl;inc;xsd</Extensions>
    </Filter>
  </ItemGroup>
  <ItemGroup>
    <ClCompile Include="BazisVirtualCDBus.cpp">
      <Filter>Source files</Filter>
    </ClCompile>
    <ClCompile Include="PersistentImageDatabase.cpp">
      <Filter>Source files</Filter>
    </ClCompile>
    <ClCompile Include="stdafx.cpp">
      <Filter>Source files</Filter>
    </ClCompile>
    <ClCompile Include="VirtualCDDevice.cpp">
      <Filter>Source files</Filter>
    </ClCompile>
  </ItemGroup>
  <ItemGroup>
    <ClInclude Include="BazisVirtualCDBus.h">
      <Filter>Header files</Filter>
    </ClInclude>
    <ClInclude Include="DeviceControl.h">
      <Filter>Header files</Filter>
    </ClInclude>
    <ClInclude Include="PersistentImageDatabase.h">
      <Filter>Header files</Filter>
    </ClInclude>
    <ClInclude Include="resource.h">
      <Filter>Header files</Filter>
    </ClInclude>
    <ClInclude Include="stdafx.h">
      <Filter>Header files</Filter>
    </ClInclude>
    <ClInclude Include="VirtualCDDevice.h">
      <Filter>Header files</Filter>
    </ClInclude>
  </ItemGroup>
  <ItemGroup>
    <ResourceCompile Include="BazisVirtualCDBus.rc" />
  </ItemGroup>
</Project>