<?xml version="1.0" encoding="utf-8"?>
<Project ToolsVersion="4.0" xmlns="http://schemas.microsoft.com/developer/msbuild/2003">
  <ItemGroup>
    <Filter Include="Source Files">
      <UniqueIdentifier>{2e4535a8-19d9-4e3c-8955-e27b0c094447}</UniqueIdentifier>
      <Extensions>cpp;c;cxx;def;odl;idl;hpj;bat;asm</Extensions>
    </Filter>
    <Filter Include="Header Files">
      <UniqueIdentifier>{d0cbb70b-72f5-4043-b202-9eba5e7b5067}</UniqueIdentifier>
      <Extensions>h;hpp;hxx;hm;inl;inc</Extensions>
    </Filter>
    <Filter Include="Resource Files">
      <UniqueIdentifier>{ef7b499b-ded2-4601-975d-34aca28d4be1}</UniqueIdentifier>
      <Extensions>rc;ico;cur;bmp;dlg;rc2;rct;bin;rgs;jpg;jpeg;jpe;manifest</Extensions>
    </Filter>
    <Filter Include="SoUI Resouece">
      <UniqueIdentifier>{53dbcc8f-d516-4d49-a692-2bf5c55ec252}</UniqueIdentifier>
      <Extensions>idx;xml;png;gif;jpg;ico;lua;bmp</Extensions>
    </Filter>
    <Filter Include="gif">
      <UniqueIdentifier>{30605a90-e796-451e-8307-e3078d0c880f}</UniqueIdentifier>
    </Filter>
  </ItemGroup>
  <ItemGroup>
    <None Include="license.txt" />
    <None Include="readme.txt" />
    <None Include="res\soui_res.rc2">
      <Filter>Resource Files</Filter>
    </None>
    <None Include="uires\uidef\init.xml">
      <Filter>SoUI Resouece</Filter>
    </None>
    <None Include="uires\values\color.xml">
      <Filter>SoUI Resouece</Filter>
    </None>
    <None Include="uires\values\skin.xml">
      <Filter>SoUI Resouece</Filter>
    </None>
    <None Include="uires\values\string.xml">
      <Filter>SoUI Resouece</Filter>
    </None>
    <None Include="uires\xml\dlg_main.xml">
      <Filter>SoUI Resouece</Filter>
    </None>
    <None Include="uires\image\soui.ico">
      <Filter>SoUI Resouece</Filter>
    </None>
    <None Include="uires\Translator\lang_cn.xml">
      <Filter>SoUI Resouece</Filter>
    </None>
    <None Include="uires\Translator\lang_jp.xml">
      <Filter>SoUI Resouece</Filter>
    </None>
    <None Include="uires\xml\menu_tray.xml">
      <Filter>SoUI Resouece</Filter>
    </None>
    <None Include="uires\image\traymenu_icons.png">
      <Filter>SoUI Resouece</Filter>
    </None>
  </ItemGroup>
  <ItemGroup>
    <ClCompile Include="vcdrom.cpp">
      <Filter>Source Files</Filter>
    </ClCompile>
    <ClCompile Include="MainDlg.cpp">
      <Filter>Source Files</Filter>
    </ClCompile>
    <ClCompile Include="stdafx.cpp">
      <Filter>Source Files</Filter>
    </ClCompile>
    <ClCompile Include="trayicon\SShellNotifyIcon.cpp">
      <Filter>Source Files</Filter>
    </ClCompile>
    <ClCompile Include="trayicon\SShellNofityHwnd2.cpp">
      <Filter>Source Files</Filter>
    </ClCompile>
    <ClCompile Include="SChromeTabCtrl.cpp">
      <Filter>Source Files</Filter>
    </ClCompile>
    <ClCompile Include="SHostDialogEx.cpp">
      <Filter>Source Files</Filter>
    </ClCompile>
    <ClCompile Include="SHostWndEx.cpp">
      <Filter>Source Files</Filter>
    </ClCompile>
    <ClCompile Include="SRadioBox2.cpp">
      <Filter>Source Files</Filter>
    </ClCompile>
    <ClCompile Include="gif\SGifPlayer.cpp">
      <Filter>gif</Filter>
    </ClCompile>
    <ClCompile Include="gif\SSkinAPNG.cpp">
      <Filter>gif</Filter>
    </ClCompile>
    <ClCompile Include="gif\SSkinGif.cpp">
      <Filter>gif</Filter>
    </ClCompile>
    <ClCompile Include="CDListAdapterFix.cpp">
      <Filter>Source Files</Filter>
    </ClCompile>
    <ClCompile Include="VCDRomCtrl.cpp">
      <Filter>Source Files</Filter>
    </ClCompile>
    <ClCompile Include="SBusyDialog.cpp">
      <Filter>Source Files</Filter>
    </ClCompile>
    <ClCompile Include="SMountDialog.cpp">
      <Filter>Source Files</Filter>
    </ClCompile>
    <ClCompile Include="SDriveDialog.cpp">
      <Filter>Source Files</Filter>
    </ClCompile>
  </ItemGroup>
  <ItemGroup>
    <ResourceCompile Include="vcdrom.rc">
      <Filter>Resource Files</Filter>
    </ResourceCompile>
  </ItemGroup>
  <ItemGroup>
    <ClInclude Include="MainDlg.h">
      <Filter>Header Files</Filter>
    </ClInclude>
    <ClInclude Include="resource.h">
      <Filter>Header Files</Filter>
    </ClInclude>
    <ClInclude Include="stdafx.h">
      <Filter>Header Files</Filter>
    </ClInclude>
    <ClInclude Include="trayicon\SShellNotifyIcon.h">
      <Filter>Header Files</Filter>
    </ClInclude>
    <ClInclude Include="trayicon\SShellNofityHwnd2.h">
      <Filter>Header Files</Filter>
    </ClInclude>
    <ClInclude Include="SAnimator.h">
      <Filter>Header Files</Filter>
    </ClInclude>
    <ClInclude Include="SChromeTabCtrl.h">
      <Filter>Header Files</Filter>
    </ClInclude>
    <ClInclude Include="SevenUnZipEx.h">
      <Filter>Header Files</Filter>
    </ClInclude>
    <ClInclude Include="SHostDialogEx.h">
      <Filter>Header Files</Filter>
    </ClInclude>
    <ClInclude Include="SHostWndEx.h">
      <Filter>Header Files</Filter>
    </ClInclude>
    <ClInclude Include="SRadioBox2.h">
      <Filter>Header Files</Filter>
    </ClInclude>
    <ClInclude Include="SRotateWindow.h">
      <Filter>Header Files</Filter>
    </ClInclude>
    <ClInclude Include="SSkinNewScrollBar.h">
      <Filter>Header Files</Filter>
    </ClInclude>
    <ClInclude Include="gif\SAniImgFrame.h">
      <Filter>gif</Filter>
    </ClInclude>
    <ClInclude Include="gif\SGifPlayer.h">
      <Filter>gif</Filter>
    </ClInclude>
    <ClInclude Include="gif\SSkinAPNG.h">
      <Filter>gif</Filter>
    </ClInclude>
    <ClInclude Include="gif\SSkinGif.h">
      <Filter>gif</Filter>
    </ClInclude>
    <ClInclude Include="CDListAdapterFix.h">
      <Filter>Header Files</Filter>
    </ClInclude>
    <ClInclude Include="VCDRomCtrl.h">
      <Filter>Header Files</Filter>
    </ClInclude>
    <ClInclude Include="SBusyDialog.h">
      <Filter>Header Files</Filter>
    </ClInclude>
    <ClInclude Include="SMountDialog.h">
      <Filter>Header Files</Filter>
    </ClInclude>
    <ClInclude Include="SDriveDialog.h">
      <Filter>Header Files</Filter>
    </ClInclude>
  </ItemGroup>
  <ItemGroup>
    <CustomBuild Include="uires\uires.idx">
      <Filter>SoUI Resouece</Filter>
    </CustomBuild>
  </ItemGroup>
</Project>